# This file was autogenerated by Stack.
# You should not edit this file by hand.
# For more information, please see the documentation at:
#   https://docs.haskellstack.org/en/stable/lock_files

packages:
- completed:
    hackage: split-channel-0.2.0.1@sha256:44d5bec55c6b2d4d1638f9d00529607b2b12919b8ff29dde73e5f521fa0c4cd2,1710
    pantry-tree:
      sha256: 5e9dd49f56c2d32fc74d53316a4fcafed1d558fc7f2a3c9e982a3b6dc7a8dad2
      size: 468
  original:
    hackage: split-channel-0.2.0.1
snapshots:
- completed:
    sha256: 350737ef1c4c748f4c7ff56b6e74f2f6d15039a2f148662a8ec1aded016b80d0
    size: 640033
    url: https://raw.githubusercontent.com/commercialhaskell/stackage-snapshots/master/lts/21/15.yaml
  original: lts-21.15
