# This file was autogenerated by Stack.
# You should not edit this file by hand.
# For more information, please see the documentation at:
#   https://docs.haskellstack.org/en/stable/lock_files

packages:
- completed:
    hackage: split-channel-0.2.0.1@sha256:44d5bec55c6b2d4d1638f9d00529607b2b12919b8ff29dde73e5f521fa0c4cd2,1710
    pantry-tree:
      sha256: 5e9dd49f56c2d32fc74d53316a4fcafed1d558fc7f2a3c9e982a3b6dc7a8dad2
      size: 468
  original:
    hackage: split-channel-0.2.0.1
snapshots:
- completed:
    sha256: 9fa4bece7acfac1fc7930c5d6e24606004b09e80aa0e52e9f68b148201008db9
    size: 649606
    url: https://raw.githubusercontent.com/commercialhaskell/stackage-snapshots/master/lts/20/18.yaml
  original: lts-20.18
